{
  "requires": true,
  "lockfileVersion": 1,
  "dependencies": {
    "clientside-require": {
      "version": "4.7.2",
      "resolved": "https://registry.npmjs.org/clientside-require/-/clientside-require-4.7.2.tgz",
      "integrity": "sha512-FdDQeHc3UUSgIZXEqw+PLlFxo/x5dOHERV2mzHFEKAGVyJiesmQ47A2WXwYYPRFYduskpnulghBcdlwrl5iaGA==",
      "requires": {
        "dynamic-serial-promise-all": "^1.1.0"
      }
    },
    "dynamic-serial-promise-all": {
      "version": "1.1.0",
      "resolved": "https://registry.npmjs.org/dynamic-serial-promise-all/-/dynamic-serial-promise-all-1.1.0.tgz",
      "integrity": "sha512-cA4E9p23nU5VRlWJNN4ycauD4zao0/gtdqXwOinJ8+DvwOXQbnE/PaDGBL+uUW6AydhLON20dWy0F+4Bd44zbQ=="
    },
    "regression": {
      "version": "2.0.1",
      "resolved": "https://registry.npmjs.org/regression/-/regression-2.0.1.tgz",
      "integrity": "sha1-jSnD6CJKEIUMNeM36FqLL6w7DIc="
    }
  }
}
